
Microsoft Visual Studio Solution File, Format Version 11.00
# Visual Basic Express 2010
Project("{F184B08F-C81C-45F6-A57F-5ABD9991F28F}") = "count of vowels", "count of vowels\count of vowels.vbproj", "{596A87F6-40D0-4069-ABA4-16181819C188}"
EndProject
Global
	GlobalSection(SolutionConfigurationPlatforms) = preSolution
		Debug|x86 = Debug|x86
		Release|x86 = Release|x86
	EndGlobalSection
	GlobalSection(ProjectConfigurationPlatforms) = postSolution
		{596A87F6-40D0-4069-ABA4-16181819C188}.Debug|x86.ActiveCfg = Debug|x86
		{596A87F6-40D0-4069-ABA4-16181819C188}.Debug|x86.Build.0 = Debug|x86
		{596A87F6-40D0-4069-ABA4-16181819C188}.Release|x86.ActiveCfg = Release|x86
		{596A87F6-40D0-4069-ABA4-16181819C188}.Release|x86.Build.0 = Release|x86
	EndGlobalSection
	GlobalSection(SolutionProperties) = preSolution
		HideSolutionNode = FALSE
	EndGlobalSection
EndGlobal
