
Microsoft Visual Studio Solution File, Format Version 11.00
# Visual Basic Express 2010
Project("{F184B08F-C81C-45F6-A57F-5ABD9991F28F}") = "pangram", "pangram\pangram.vbproj", "{1FCFF659-B909-4FF8-90D3-A3547FB77A32}"
EndProject
Global
	GlobalSection(SolutionConfigurationPlatforms) = preSolution
		Debug|x86 = Debug|x86
		Release|x86 = Release|x86
	EndGlobalSection
	GlobalSection(ProjectConfigurationPlatforms) = postSolution
		{1FCFF659-B909-4FF8-90D3-A3547FB77A32}.Debug|x86.ActiveCfg = Debug|x86
		{1FCFF659-B909-4FF8-90D3-A3547FB77A32}.Debug|x86.Build.0 = Debug|x86
		{1FCFF659-B909-4FF8-90D3-A3547FB77A32}.Release|x86.ActiveCfg = Release|x86
		{1FCFF659-B909-4FF8-90D3-A3547FB77A32}.Release|x86.Build.0 = Release|x86
	EndGlobalSection
	GlobalSection(SolutionProperties) = preSolution
		HideSolutionNode = FALSE
	EndGlobalSection
EndGlobal
